// !$*UTF8*$!
{
	archiveVersion = 1;
	classes = {
	};
	objectVersion = 50;
	objects = {

/* Begin PBXBuildFile section */
		8310EF63223DECB200F569C6 /* Margarine-Regular.ttf in Resources */ = {isa = PBXBuildFile; fileRef = 8310EF62223DECB200F569C6 /* Margarine-Regular.ttf */; };
		8325974A223C89C90080BD74 /* AppDelegate.swift in Sources */ = {isa = PBXBuildFile; fileRef = 83259749223C89C90080BD74 /* AppDelegate.swift */; };
		8325974C223C89C90080BD74 /* ViewController.swift in Sources */ = {isa = PBXBuildFile; fileRef = 8325974B223C89C90080BD74 /* ViewController.swift */; };
		8325974F223C89C90080BD74 /* Main.storyboard in Resources */ = {isa = PBXBuildFile; fileRef = 8325974D223C89C90080BD74 /* Main.storyboard */; };
		83259751223C89CB0080BD74 /* Assets.xcassets in Resources */ = {isa = PBXBuildFile; fileRef = 83259750223C89CB0080BD74 /* Assets.xcassets */; };
		83259754223C89CB0080BD74 /* LaunchScreen.storyboard in Resources */ = {isa = PBXBuildFile; fileRef = 83259752223C89CB0080BD74 /* LaunchScreen.storyboard */; };
		8325975C223C8CCB0080BD74 /* StorySource.swift in Sources */ = {isa = PBXBuildFile; fileRef = 8325975B223C8CCB0080BD74 /* StorySource.swift */; };
		83259763223C90F40080BD74 /* Theme.swift in Sources */ = {isa = PBXBuildFile; fileRef = 83259762223C90F40080BD74 /* Theme.swift */; };
		83259766223C91A20080BD74 /* Srisakdi-Bold.ttf in Resources */ = {isa = PBXBuildFile; fileRef = 83259764223C91A10080BD74 /* Srisakdi-Bold.ttf */; };
		839B761B223D66720067C9EA /* StoryLabel.swift in Sources */ = {isa = PBXBuildFile; fileRef = 839B761A223D66720067C9EA /* StoryLabel.swift */; };
		839B761D223DE9820067C9EA /* ContinueImageView.swift in Sources */ = {isa = PBXBuildFile; fileRef = 839B761C223DE9820067C9EA /* ContinueImageView.swift */; };
/* End PBXBuildFile section */

/* Begin PBXFileReference section */
		8310EF62223DECB200F569C6 /* Margarine-Regular.ttf */ = {isa = PBXFileReference; lastKnownFileType = file; path = "Margarine-Regular.ttf"; sourceTree = "<group>"; };
		83259746223C89C90080BD74 /* Storytelling.app */ = {isa = PBXFileReference; explicitFileType = wrapper.application; includeInIndex = 0; path = Storytelling.app; sourceTree = BUILT_PRODUCTS_DIR; };
		83259749223C89C90080BD74 /* AppDelegate.swift */ = {isa = PBXFileReference; lastKnownFileType = sourcecode.swift; path = AppDelegate.swift; sourceTree = "<group>"; };
		8325974B223C89C90080BD74 /* ViewController.swift */ = {isa = PBXFileReference; lastKnownFileType = sourcecode.swift; path = ViewController.swift; sourceTree = "<group>"; };
		8325974E223C89C90080BD74 /* Base */ = {isa = PBXFileReference; lastKnownFileType = file.storyboard; name = Base; path = Base.lproj/Main.storyboard; sourceTree = "<group>"; };
		83259750223C89CB0080BD74 /* Assets.xcassets */ = {isa = PBXFileReference; lastKnownFileType = folder.assetcatalog; path = Assets.xcassets; sourceTree = "<group>"; };
		83259753223C89CB0080BD74 /* Base */ = {isa = PBXFileReference; lastKnownFileType = file.storyboard; name = Base; path = Base.lproj/LaunchScreen.storyboard; sourceTree = "<group>"; };
		83259755223C89CB0080BD74 /* Info.plist */ = {isa = PBXFileReference; lastKnownFileType = text.plist.xml; path = Info.plist; sourceTree = "<group>"; };
		8325975B223C8CCB0080BD74 /* StorySource.swift */ = {isa = PBXFileReference; lastKnownFileType = sourcecode.swift; path = StorySource.swift; sourceTree = "<group>"; };
		83259762223C90F40080BD74 /* Theme.swift */ = {isa = PBXFileReference; lastKnownFileType = sourcecode.swift; path = Theme.swift; sourceTree = "<group>"; };
		83259764223C91A10080BD74 /* Srisakdi-Bold.ttf */ = {isa = PBXFileReference; lastKnownFileType = file; path = "Srisakdi-Bold.ttf"; sourceTree = "<group>"; };
		839B761A223D66720067C9EA /* StoryLabel.swift */ = {isa = PBXFileReference; lastKnownFileType = sourcecode.swift; path = StoryLabel.swift; sourceTree = "<group>"; };
		839B761C223DE9820067C9EA /* ContinueImageView.swift */ = {isa = PBXFileReference; lastKnownFileType = sourcecode.swift; path = ContinueImageView.swift; sourceTree = "<group>"; };
/* End PBXFileReference section */

/* Begin PBXFrameworksBuildPhase section */
		83259743223C89C90080BD74 /* Frameworks */ = {
			isa = PBXFrameworksBuildPhase;
			buildActionMask = 2147483647;
			files = (
			);
			runOnlyForDeploymentPostprocessing = 0;
		};
/* End PBXFrameworksBuildPhase section */

/* Begin PBXGroup section */
		8325973D223C89C90080BD74 = {
			isa = PBXGroup;
			children = (
				83259748223C89C90080BD74 /* Storytelling */,
				83259747223C89C90080BD74 /* Products */,
			);
			sourceTree = "<group>";
		};
		83259747223C89C90080BD74 /* Products */ = {
			isa = PBXGroup;
			children = (
				83259746223C89C90080BD74 /* Storytelling.app */,
			);
			name = Products;
			sourceTree = "<group>";
		};
		83259748223C89C90080BD74 /* Storytelling */ = {
			isa = PBXGroup;
			children = (
				8325975D223C8CD50080BD74 /* Model */,
				8325975F223C8CF20080BD74 /* View */,
				83259760223C8D3C0080BD74 /* Controller */,
				83259761223C90CA0080BD74 /* Resource */,
			);
			path = Storytelling;
			sourceTree = "<group>";
		};
		8325975D223C8CD50080BD74 /* Model */ = {
			isa = PBXGroup;
			children = (
				8325975B223C8CCB0080BD74 /* StorySource.swift */,
			);
			name = Model;
			sourceTree = "<group>";
		};
		8325975F223C8CF20080BD74 /* View */ = {
			isa = PBXGroup;
			children = (
				83259752223C89CB0080BD74 /* LaunchScreen.storyboard */,
				8325974D223C89C90080BD74 /* Main.storyboard */,
				839B761A223D66720067C9EA /* StoryLabel.swift */,
				839B761C223DE9820067C9EA /* ContinueImageView.swift */,
			);
			name = View;
			sourceTree = "<group>";
		};
		83259760223C8D3C0080BD74 /* Controller */ = {
			isa = PBXGroup;
			children = (
				83259749223C89C90080BD74 /* AppDelegate.swift */,
				8325974B223C89C90080BD74 /* ViewController.swift */,
			);
			name = Controller;
			sourceTree = "<group>";
		};
		83259761223C90CA0080BD74 /* Resource */ = {
			isa = PBXGroup;
			children = (
				83259762223C90F40080BD74 /* Theme.swift */,
				83259764223C91A10080BD74 /* Srisakdi-Bold.ttf */,
				8310EF62223DECB200F569C6 /* Margarine-Regular.ttf */,
				83259750223C89CB0080BD74 /* Assets.xcassets */,
				83259755223C89CB0080BD74 /* Info.plist */,
			);
			name = Resource;
			sourceTree = "<group>";
		};
/* End PBXGroup section */

/* Begin PBXNativeTarget section */
		83259745223C89C90080BD74 /* Storytelling */ = {
			isa = PBXNativeTarget;
			buildConfigurationList = 83259758223C89CB0080BD74 /* Build configuration list for PBXNativeTarget "Storytelling" */;
			buildPhases = (
				83259742223C89C90080BD74 /* Sources */,
				83259743223C89C90080BD74 /* Frameworks */,
				83259744223C89C90080BD74 /* Resources */,
			);
			buildRules = (
			);
			dependencies = (
			);
			name = Storytelling;
			productName = Storytelling;
			productReference = 83259746223C89C90080BD74 /* Storytelling.app */;
			productType = "com.apple.product-type.application";
		};
/* End PBXNativeTarget section */

/* Begin PBXProject section */
		8325973E223C89C90080BD74 /* Project object */ = {
			isa = PBXProject;
			attributes = {
				LastSwiftUpdateCheck = 1010;
				LastUpgradeCheck = 1010;
				ORGANIZATIONNAME = VTStudio;
				TargetAttributes = {
					83259745223C89C90080BD74 = {
						CreatedOnToolsVersion = 10.1;
					};
				};
			};
			buildConfigurationList = 83259741223C89C90080BD74 /* Build configuration list for PBXProject "Storytelling" */;
			compatibilityVersion = "Xcode 9.3";
			developmentRegion = en;
			hasScannedForEncodings = 0;
			knownRegions = (
				en,
				Base,
			);
			mainGroup = 8325973D223C89C90080BD74;
			productRefGroup = 83259747223C89C90080BD74 /* Products */;
			projectDirPath = "";
			projectRoot = "";
			targets = (
				83259745223C89C90080BD74 /* Storytelling */,
			);
		};
/* End PBXProject section */

/* Begin PBXResourcesBuildPhase section */
		83259744223C89C90080BD74 /* Resources */ = {
			isa = PBXResourcesBuildPhase;
			buildActionMask = 2147483647;
			files = (
				83259754223C89CB0080BD74 /* LaunchScreen.storyboard in Resources */,
				8310EF63223DECB200F569C6 /* Margarine-Regular.ttf in Resources */,
				83259766223C91A20080BD74 /* Srisakdi-Bold.ttf in Resources */,
				83259751223C89CB0080BD74 /* Assets.xcassets in Resources */,
				8325974F223C89C90080BD74 /* Main.storyboard in Resources */,
			);
			runOnlyForDeploymentPostprocessing = 0;
		};
/* End PBXResourcesBuildPhase section */

/* Begin PBXSourcesBuildPhase section */
		83259742223C89C90080BD74 /* Sources */ = {
			isa = PBXSourcesBuildPhase;
			buildActionMask = 2147483647;
			files = (
				8325974C223C89C90080BD74 /* ViewController.swift in Sources */,
				83259763223C90F40080BD74 /* Theme.swift in Sources */,
				839B761B223D66720067C9EA /* StoryLabel.swift in Sources */,
				839B761D223DE9820067C9EA /* ContinueImageView.swift in Sources */,
				8325975C223C8CCB0080BD74 /* StorySource.swift in Sources */,
				8325974A223C89C90080BD74 /* AppDelegate.swift in Sources */,
			);
			runOnlyForDeploymentPostprocessing = 0;
		};
/* End PBXSourcesBuildPhase section */

/* Begin PBXVariantGroup section */
		8325974D223C89C90080BD74 /* Main.storyboard */ = {
			isa = PBXVariantGroup;
			children = (
				8325974E223C89C90080BD74 /* Base */,
			);
			name = Main.storyboard;
			sourceTree = "<group>";
		};
		83259752223C89CB0080BD74 /* LaunchScreen.storyboard */ = {
			isa = PBXVariantGroup;
			children = (
				83259753223C89CB0080BD74 /* Base */,
			);
			name = LaunchScreen.storyboard;
			sourceTree = "<group>";
		};
/* End PBXVariantGroup section */

/* Begin XCBuildConfiguration section */
		83259756223C89CB0080BD74 /* Debug */ = {
			isa = XCBuildConfiguration;
			buildSettings = {
				ALWAYS_SEARCH_USER_PATHS = NO;
				CLANG_ANALYZER_NONNULL = YES;
				CLANG_ANALYZER_NUMBER_OBJECT_CONVERSION = YES_AGGRESSIVE;
				CLANG_CXX_LANGUAGE_STANDARD = "gnu++14";
				CLANG_CXX_LIBRARY = "libc++";
				CLANG_ENABLE_MODULES = YES;
				CLANG_ENABLE_OBJC_ARC = YES;
				CLANG_ENABLE_OBJC_WEAK = YES;
				CLANG_WARN_BLOCK_CAPTURE_AUTORELEASING = YES;
				CLANG_WARN_BOOL_CONVERSION = YES;
				CLANG_WARN_COMMA = YES;
				CLANG_WARN_CONSTANT_CONVERSION = YES;
				CLANG_WARN_DEPRECATED_OBJC_IMPLEMENTATIONS = YES;
				CLANG_WARN_DIRECT_OBJC_ISA_USAGE = YES_ERROR;
				CLANG_WARN_DOCUMENTATION_COMMENTS = YES;
				CLANG_WARN_EMPTY_BODY = YES;
				CLANG_WARN_ENUM_CONVERSION = YES;
				CLANG_WARN_INFINITE_RECURSION = YES;
				CLANG_WARN_INT_CONVERSION = YES;
				CLANG_WARN_NON_LITERAL_NULL_CONVERSION = YES;
				CLANG_WARN_OBJC_IMPLICIT_RETAIN_SELF = YES;
				CLANG_WARN_OBJC_LITERAL_CONVERSION = YES;
				CLANG_WARN_OBJC_ROOT_CLASS = YES_ERROR;
				CLANG_WARN_RANGE_LOOP_ANALYSIS = YES;
				CLANG_WARN_STRICT_PROTOTYPES = YES;
				CLANG_WARN_SUSPICIOUS_MOVE = YES;
				CLANG_WARN_UNGUARDED_AVAILABILITY = YES_AGGRESSIVE;
				CLANG_WARN_UNREACHABLE_CODE = YES;
				CLANG_WARN__DUPLICATE_METHOD_MATCH = YES;
				CODE_SIGN_IDENTITY = "iPhone Developer";
				COPY_PHASE_STRIP = NO;
				DEBUG_INFORMATION_FORMAT = dwarf;
				ENABLE_STRICT_OBJC_MSGSEND = YES;
				ENABLE_TESTABILITY = YES;
				GCC_C_LANGUAGE_STANDARD = gnu11;
				GCC_DYNAMIC_NO_PIC = NO;
				GCC_NO_COMMON_BLOCKS = YES;
				GCC_OPTIMIZATION_LEVEL = 0;
				GCC_PREPROCESSOR_DEFINITIONS = (
					"DEBUG=1",
					"$(inherited)",
				);
				GCC_WARN_64_TO_32_BIT_CONVERSION = YES;
				GCC_WARN_ABOUT_RETURN_TYPE = YES_ERROR;
				GCC_WARN_UNDECLARED_SELECTOR = YES;
				GCC_WARN_UNINITIALIZED_AUTOS = YES_AGGRESSIVE;
				GCC_WARN_UNUSED_FUNCTION = YES;
				GCC_WARN_UNUSED_VARIABLE = YES;
				IPHONEOS_DEPLOYMENT_TARGET = 12.1;
				MTL_ENABLE_DEBUG_INFO = INCLUDE_SOURCE;
				MTL_FAST_MATH = YES;
				ONLY_ACTIVE_ARCH = YES;
				SDKROOT = iphoneos;
				SWIFT_ACTIVE_COMPILATION_CONDITIONS = DEBUG;
				SWIFT_OPTIMIZATION_LEVEL = "-Onone";
			};
			name = Debug;
		};
		83259757223C89CB0080BD74 /* Release */ = {
			isa = XCBuildConfiguration;
			buildSettings = {
				ALWAYS_SEARCH_USER_PATHS = NO;
				CLANG_ANALYZER_NONNULL = YES;
				CLANG_ANALYZER_NUMBER_OBJECT_CONVERSION = YES_AGGRESSIVE;
				CLANG_CXX_LANGUAGE_STANDARD = "gnu++14";
				CLANG_CXX_LIBRARY = "libc++";
				CLANG_ENABLE_MODULES = YES;
				CLANG_ENABLE_OBJC_ARC = YES;
				CLANG_ENABLE_OBJC_WEAK = YES;
				CLANG_WARN_BLOCK_CAPTURE_AUTORELEASING = YES;
				CLANG_WARN_BOOL_CONVERSION = YES;
				CLANG_WARN_COMMA = YES;
				CLANG_WARN_CONSTANT_CONVERSION = YES;
				CLANG_WARN_DEPRECATED_OBJC_IMPLEMENTATIONS = YES;
				CLANG_WARN_DIRECT_OBJC_ISA_USAGE = YES_ERROR;
				CLANG_WARN_DOCUMENTATION_COMMENTS = YES;
				CLANG_WARN_EMPTY_BODY = YES;
				CLANG_WARN_ENUM_CONVERSION = YES;
				CLANG_WARN_INFINITE_RECURSION = YES;
				CLANG_WARN_INT_CONVERSION = YES;
				CLANG_WARN_NON_LITERAL_NULL_CONVERSION = YES;
				CLANG_WARN_OBJC_IMPLICIT_RETAIN_SELF = YES;
				CLANG_WARN_OBJC_LITERAL_CONVERSION = YES;
				CLANG_WARN_OBJC_ROOT_CLASS = YES_ERROR;
				CLANG_WARN_RANGE_LOOP_ANALYSIS = YES;
				CLANG_WARN_STRICT_PROTOTYPES = YES;
				CLANG_WARN_SUSPICIOUS_MOVE = YES;
				CLANG_WARN_UNGUARDED_AVAILABILITY = YES_AGGRESSIVE;
				CLANG_WARN_UNREACHABLE_CODE = YES;
				CLANG_WARN__DUPLICATE_METHOD_MATCH = YES;
				CODE_SIGN_IDENTITY = "iPhone Developer";
				COPY_PHASE_STRIP = NO;
				DEBUG_INFORMATION_FORMAT = "dwarf-with-dsym";
				ENABLE_NS_ASSERTIONS = NO;
				ENABLE_STRICT_OBJC_MSGSEND = YES;
				GCC_C_LANGUAGE_STANDARD = gnu11;
				GCC_NO_COMMON_BLOCKS = YES;
				GCC_WARN_64_TO_32_BIT_CONVERSION = YES;
				GCC_WARN_ABOUT_RETURN_TYPE = YES_ERROR;
				GCC_WARN_UNDECLARED_SELECTOR = YES;
				GCC_WARN_UNINITIALIZED_AUTOS = YES_AGGRESSIVE;
				GCC_WARN_UNUSED_FUNCTION = YES;
				GCC_WARN_UNUSED_VARIABLE = YES;
				IPHONEOS_DEPLOYMENT_TARGET = 12.1;
				MTL_ENABLE_DEBUG_INFO = NO;
				MTL_FAST_MATH = YES;
				SDKROOT = iphoneos;
				SWIFT_COMPILATION_MODE = wholemodule;
				SWIFT_OPTIMIZATION_LEVEL = "-O";
				VALIDATE_PRODUCT = YES;
			};
			name = Release;
		};
		83259759223C89CB0080BD74 /* Debug */ = {
			isa = XCBuildConfiguration;
			buildSettings = {
				ASSETCATALOG_COMPILER_APPICON_NAME = AppIcon;
				CODE_SIGN_STYLE = Automatic;
				DEVELOPMENT_TEAM = 8T79SY5AA9;
				INFOPLIST_FILE = Storytelling/Info.plist;
				IPHONEOS_DEPLOYMENT_TARGET = 10.0;
				LD_RUNPATH_SEARCH_PATHS = (
					"$(inherited)",
					"@executable_path/Frameworks",
				);
				PRODUCT_BUNDLE_IDENTIFIER = vtstudio.ios.Storytelling;
				PRODUCT_NAME = "$(TARGET_NAME)";
				SWIFT_VERSION = 4.2;
				TARGETED_DEVICE_FAMILY = 2;
			};
			name = Debug;
		};
		8325975A223C89CB0080BD74 /* Release */ = {
			isa = XCBuildConfiguration;
			buildSettings = {
				ASSETCATALOG_COMPILER_APPICON_NAME = AppIcon;
				CODE_SIGN_STYLE = Automatic;
				DEVELOPMENT_TEAM = 8T79SY5AA9;
				INFOPLIST_FILE = Storytelling/Info.plist;
				IPHONEOS_DEPLOYMENT_TARGET = 10.0;
				LD_RUNPATH_SEARCH_PATHS = (
					"$(inherited)",
					"@executable_path/Frameworks",
				);
				PRODUCT_BUNDLE_IDENTIFIER = vtstudio.ios.Storytelling;
				PRODUCT_NAME = "$(TARGET_NAME)";
				SWIFT_VERSION = 4.2;
				TARGETED_DEVICE_FAMILY = 2;
			};
			name = Release;
		};
/* End XCBuildConfiguration section */

/* Begin XCConfigurationList section */
		83259741223C89C90080BD74 /* Build configuration list for PBXProject "Storytelling" */ = {
			isa = XCConfigurationList;
			buildConfigurations = (
				83259756223C89CB0080BD74 /* Debug */,
				83259757223C89CB0080BD74 /* Release */,
			);
			defaultConfigurationIsVisible = 0;
			defaultConfigurationName = Release;
		};
		83259758223C89CB0080BD74 /* Build configuration list for PBXNativeTarget "Storytelling" */ = {
			isa = XCConfigurationList;
			buildConfigurations = (
				83259759223C89CB0080BD74 /* Debug */,
				8325975A223C89CB0080BD74 /* Release */,
			);
			defaultConfigurationIsVisible = 0;
			defaultConfigurationName = Release;
		};
/* End XCConfigurationList section */
	};
	rootObject = 8325973E223C89C90080BD74 /* Project object */;
}
